// !$*UTF8*$!
{
	archiveVersion = 1;
	classes = {
	};
	objectVersion = 50;
	objects = {

/* Begin PBXBuildFile section */
		CF1298CC25DA9B5D0080884E /* AppDelegate.swift in Sources */ = {isa = PBXBuildFile; fileRef = CF1298CB25DA9B5D0080884E /* AppDelegate.swift */; };
		CF1298CE25DA9B5D0080884E /* SceneDelegate.swift in Sources */ = {isa = PBXBuildFile; fileRef = CF1298CD25DA9B5D0080884E /* SceneDelegate.swift */; };
		CF1298D025DA9B5D0080884E /* ViewController.swift in Sources */ = {isa = PBXBuildFile; fileRef = CF1298CF25DA9B5D0080884E /* ViewController.swift */; };
		CF1298D325DA9B5D0080884E /* Main.storyboard in Resources */ = {isa = PBXBuildFile; fileRef = CF1298D125DA9B5D0080884E /* Main.storyboard */; };
		CF1298D525DA9B5E0080884E /* Assets.xcassets in Resources */ = {isa = PBXBuildFile; fileRef = CF1298D425DA9B5E0080884E /* Assets.xcassets */; };
		CF1298D825DA9B5E0080884E /* LaunchScreen.storyboard in Resources */ = {isa = PBXBuildFile; fileRef = CF1298D625DA9B5E0080884E /* LaunchScreen.storyboard */; };
		CF1298E325DA9B5E0080884E /* JenkiusCITests.swift in Sources */ = {isa = PBXBuildFile; fileRef = CF1298E225DA9B5E0080884E /* JenkiusCITests.swift */; };
		CF1298EE25DA9B5E0080884E /* JenkiusCIUITests.swift in Sources */ = {isa = PBXBuildFile; fileRef = CF1298ED25DA9B5E0080884E /* JenkiusCIUITests.swift */; };
		CF1298FC25DAA0B30080884E /* convertor.swift in Sources */ = {isa = PBXBuildFile; fileRef = CF1298FB25DAA0B30080884E /* convertor.swift */; };
/* End PBXBuildFile section */

/* Begin PBXContainerItemProxy section */
		CF1298DF25DA9B5E0080884E /* PBXContainerItemProxy */ = {
			isa = PBXContainerItemProxy;
			containerPortal = CF1298C025DA9B5D0080884E /* Project object */;
			proxyType = 1;
			remoteGlobalIDString = CF1298C725DA9B5D0080884E;
			remoteInfo = JenkiusCI;
		};
		CF1298EA25DA9B5E0080884E /* PBXContainerItemProxy */ = {
			isa = PBXContainerItemProxy;
			containerPortal = CF1298C025DA9B5D0080884E /* Project object */;
			proxyType = 1;
			remoteGlobalIDString = CF1298C725DA9B5D0080884E;
			remoteInfo = JenkiusCI;
		};
/* End PBXContainerItemProxy section */

/* Begin PBXFileReference section */
		CF1298C825DA9B5D0080884E /* JenkiusCI.app */ = {isa = PBXFileReference; explicitFileType = wrapper.application; includeInIndex = 0; path = JenkiusCI.app; sourceTree = BUILT_PRODUCTS_DIR; };
		CF1298CB25DA9B5D0080884E /* AppDelegate.swift */ = {isa = PBXFileReference; lastKnownFileType = sourcecode.swift; path = AppDelegate.swift; sourceTree = "<group>"; };
		CF1298CD25DA9B5D0080884E /* SceneDelegate.swift */ = {isa = PBXFileReference; lastKnownFileType = sourcecode.swift; path = SceneDelegate.swift; sourceTree = "<group>"; };
		CF1298CF25DA9B5D0080884E /* ViewController.swift */ = {isa = PBXFileReference; lastKnownFileType = sourcecode.swift; path = ViewController.swift; sourceTree = "<group>"; };
		CF1298D225DA9B5D0080884E /* Base */ = {isa = PBXFileReference; lastKnownFileType = file.storyboard; name = Base; path = Base.lproj/Main.storyboard; sourceTree = "<group>"; };
		CF1298D425DA9B5E0080884E /* Assets.xcassets */ = {isa = PBXFileReference; lastKnownFileType = folder.assetcatalog; path = Assets.xcassets; sourceTree = "<group>"; };
		CF1298D725DA9B5E0080884E /* Base */ = {isa = PBXFileReference; lastKnownFileType = file.storyboard; name = Base; path = Base.lproj/LaunchScreen.storyboard; sourceTree = "<group>"; };
		CF1298D925DA9B5E0080884E /* Info.plist */ = {isa = PBXFileReference; lastKnownFileType = text.plist.xml; path = Info.plist; sourceTree = "<group>"; };
		CF1298DE25DA9B5E0080884E /* JenkiusCITests.xctest */ = {isa = PBXFileReference; explicitFileType = wrapper.cfbundle; includeInIndex = 0; path = JenkiusCITests.xctest; sourceTree = BUILT_PRODUCTS_DIR; };
		CF1298E225DA9B5E0080884E /* JenkiusCITests.swift */ = {isa = PBXFileReference; lastKnownFileType = sourcecode.swift; path = JenkiusCITests.swift; sourceTree = "<group>"; };
		CF1298E425DA9B5E0080884E /* Info.plist */ = {isa = PBXFileReference; lastKnownFileType = text.plist.xml; path = Info.plist; sourceTree = "<group>"; };
		CF1298E925DA9B5E0080884E /* JenkiusCIUITests.xctest */ = {isa = PBXFileReference; explicitFileType = wrapper.cfbundle; includeInIndex = 0; path = JenkiusCIUITests.xctest; sourceTree = BUILT_PRODUCTS_DIR; };
		CF1298ED25DA9B5E0080884E /* JenkiusCIUITests.swift */ = {isa = PBXFileReference; lastKnownFileType = sourcecode.swift; path = JenkiusCIUITests.swift; sourceTree = "<group>"; };
		CF1298EF25DA9B5E0080884E /* Info.plist */ = {isa = PBXFileReference; lastKnownFileType = text.plist.xml; path = Info.plist; sourceTree = "<group>"; };
		CF1298FB25DAA0B30080884E /* convertor.swift */ = {isa = PBXFileReference; lastKnownFileType = sourcecode.swift; path = convertor.swift; sourceTree = "<group>"; };
/* End PBXFileReference section */

/* Begin PBXFrameworksBuildPhase section */
		CF1298C525DA9B5D0080884E /* Frameworks */ = {
			isa = PBXFrameworksBuildPhase;
			buildActionMask = 2147483647;
			files = (
			);
			runOnlyForDeploymentPostprocessing = 0;
		};
		CF1298DB25DA9B5E0080884E /* Frameworks */ = {
			isa = PBXFrameworksBuildPhase;
			buildActionMask = 2147483647;
			files = (
			);
			runOnlyForDeploymentPostprocessing = 0;
		};
		CF1298E625DA9B5E0080884E /* Frameworks */ = {
			isa = PBXFrameworksBuildPhase;
			buildActionMask = 2147483647;
			files = (
			);
			runOnlyForDeploymentPostprocessing = 0;
		};
/* End PBXFrameworksBuildPhase section */

/* Begin PBXGroup section */
		CF1298BF25DA9B5D0080884E = {
			isa = PBXGroup;
			children = (
				CF1298CA25DA9B5D0080884E /* JenkiusCI */,
				CF1298E125DA9B5E0080884E /* JenkiusCITests */,
				CF1298EC25DA9B5E0080884E /* JenkiusCIUITests */,
				CF1298C925DA9B5D0080884E /* Products */,
			);
			sourceTree = "<group>";
		};
		CF1298C925DA9B5D0080884E /* Products */ = {
			isa = PBXGroup;
			children = (
				CF1298C825DA9B5D0080884E /* JenkiusCI.app */,
				CF1298DE25DA9B5E0080884E /* JenkiusCITests.xctest */,
				CF1298E925DA9B5E0080884E /* JenkiusCIUITests.xctest */,
			);
			name = Products;
			sourceTree = "<group>";
		};
		CF1298CA25DA9B5D0080884E /* JenkiusCI */ = {
			isa = PBXGroup;
			children = (
				CF1298CB25DA9B5D0080884E /* AppDelegate.swift */,
				CF1298CD25DA9B5D0080884E /* SceneDelegate.swift */,
				CF1298CF25DA9B5D0080884E /* ViewController.swift */,
				CF1298D125DA9B5D0080884E /* Main.storyboard */,
				CF1298D425DA9B5E0080884E /* Assets.xcassets */,
				CF1298D625DA9B5E0080884E /* LaunchScreen.storyboard */,
				CF1298D925DA9B5E0080884E /* Info.plist */,
				CF1298FB25DAA0B30080884E /* convertor.swift */,
			);
			path = JenkiusCI;
			sourceTree = "<group>";
		};
		CF1298E125DA9B5E0080884E /* JenkiusCITests */ = {
			isa = PBXGroup;
			children = (
				CF1298E225DA9B5E0080884E /* JenkiusCITests.swift */,
				CF1298E425DA9B5E0080884E /* Info.plist */,
			);
			path = JenkiusCITests;
			sourceTree = "<group>";
		};
		CF1298EC25DA9B5E0080884E /* JenkiusCIUITests */ = {
			isa = PBXGroup;
			children = (
				CF1298ED25DA9B5E0080884E /* JenkiusCIUITests.swift */,
				CF1298EF25DA9B5E0080884E /* Info.plist */,
			);
			path = JenkiusCIUITests;
			sourceTree = "<group>";
		};
/* End PBXGroup section */

/* Begin PBXNativeTarget section */
		CF1298C725DA9B5D0080884E /* JenkiusCI */ = {
			isa = PBXNativeTarget;
			buildConfigurationList = CF1298F225DA9B5E0080884E /* Build configuration list for PBXNativeTarget "JenkiusCI" */;
			buildPhases = (
				CF1298C425DA9B5D0080884E /* Sources */,
				CF1298C525DA9B5D0080884E /* Frameworks */,
				CF1298C625DA9B5D0080884E /* Resources */,
			);
			buildRules = (
			);
			dependencies = (
			);
			name = JenkiusCI;
			productName = JenkiusCI;
			productReference = CF1298C825DA9B5D0080884E /* JenkiusCI.app */;
			productType = "com.apple.product-type.application";
		};
		CF1298DD25DA9B5E0080884E /* JenkiusCITests */ = {
			isa = PBXNativeTarget;
			buildConfigurationList = CF1298F525DA9B5E0080884E /* Build configuration list for PBXNativeTarget "JenkiusCITests" */;
			buildPhases = (
				CF1298DA25DA9B5E0080884E /* Sources */,
				CF1298DB25DA9B5E0080884E /* Frameworks */,
				CF1298DC25DA9B5E0080884E /* Resources */,
			);
			buildRules = (
			);
			dependencies = (
				CF1298E025DA9B5E0080884E /* PBXTargetDependency */,
			);
			name = JenkiusCITests;
			productName = JenkiusCITests;
			productReference = CF1298DE25DA9B5E0080884E /* JenkiusCITests.xctest */;
			productType = "com.apple.product-type.bundle.unit-test";
		};
		CF1298E825DA9B5E0080884E /* JenkiusCIUITests */ = {
			isa = PBXNativeTarget;
			buildConfigurationList = CF1298F825DA9B5E0080884E /* Build configuration list for PBXNativeTarget "JenkiusCIUITests" */;
			buildPhases = (
				CF1298E525DA9B5E0080884E /* Sources */,
				CF1298E625DA9B5E0080884E /* Frameworks */,
				CF1298E725DA9B5E0080884E /* Resources */,
			);
			buildRules = (
			);
			dependencies = (
				CF1298EB25DA9B5E0080884E /* PBXTargetDependency */,
			);
			name = JenkiusCIUITests;
			productName = JenkiusCIUITests;
			productReference = CF1298E925DA9B5E0080884E /* JenkiusCIUITests.xctest */;
			productType = "com.apple.product-type.bundle.ui-testing";
		};
/* End PBXNativeTarget section */

/* Begin PBXProject section */
		CF1298C025DA9B5D0080884E /* Project object */ = {
			isa = PBXProject;
			attributes = {
				LastSwiftUpdateCheck = 1130;
				LastUpgradeCheck = 1130;
				ORGANIZATIONNAME = "Ramy Nasser";
				TargetAttributes = {
					CF1298C725DA9B5D0080884E = {
						CreatedOnToolsVersion = 11.3;
					};
					CF1298DD25DA9B5E0080884E = {
						CreatedOnToolsVersion = 11.3;
						TestTargetID = CF1298C725DA9B5D0080884E;
					};
					CF1298E825DA9B5E0080884E = {
						CreatedOnToolsVersion = 11.3;
						TestTargetID = CF1298C725DA9B5D0080884E;
					};
				};
			};
			buildConfigurationList = CF1298C325DA9B5D0080884E /* Build configuration list for PBXProject "JenkiusCI" */;
			compatibilityVersion = "Xcode 9.3";
			developmentRegion = en;
			hasScannedForEncodings = 0;
			knownRegions = (
				en,
				Base,
			);
			mainGroup = CF1298BF25DA9B5D0080884E;
			productRefGroup = CF1298C925DA9B5D0080884E /* Products */;
			projectDirPath = "";
			projectRoot = "";
			targets = (
				CF1298C725DA9B5D0080884E /* JenkiusCI */,
				CF1298DD25DA9B5E0080884E /* JenkiusCITests */,
				CF1298E825DA9B5E0080884E /* JenkiusCIUITests */,
			);
		};
/* End PBXProject section */

/* Begin PBXResourcesBuildPhase section */
		CF1298C625DA9B5D0080884E /* Resources */ = {
			isa = PBXResourcesBuildPhase;
			buildActionMask = 2147483647;
			files = (
				CF1298D825DA9B5E0080884E /* LaunchScreen.storyboard in Resources */,
				CF1298D525DA9B5E0080884E /* Assets.xcassets in Resources */,
				CF1298D325DA9B5D0080884E /* Main.storyboard in Resources */,
			);
			runOnlyForDeploymentPostprocessing = 0;
		};
		CF1298DC25DA9B5E0080884E /* Resources */ = {
			isa = PBXResourcesBuildPhase;
			buildActionMask = 2147483647;
			files = (
			);
			runOnlyForDeploymentPostprocessing = 0;
		};
		CF1298E725DA9B5E0080884E /* Resources */ = {
			isa = PBXResourcesBuildPhase;
			buildActionMask = 2147483647;
			files = (
			);
			runOnlyForDeploymentPostprocessing = 0;
		};
/* End PBXResourcesBuildPhase section */

/* Begin PBXSourcesBuildPhase section */
		CF1298C425DA9B5D0080884E /* Sources */ = {
			isa = PBXSourcesBuildPhase;
			buildActionMask = 2147483647;
			files = (
				CF1298FC25DAA0B30080884E /* convertor.swift in Sources */,
				CF1298D025DA9B5D0080884E /* ViewController.swift in Sources */,
				CF1298CC25DA9B5D0080884E /* AppDelegate.swift in Sources */,
				CF1298CE25DA9B5D0080884E /* SceneDelegate.swift in Sources */,
			);
			runOnlyForDeploymentPostprocessing = 0;
		};
		CF1298DA25DA9B5E0080884E /* Sources */ = {
			isa = PBXSourcesBuildPhase;
			buildActionMask = 2147483647;
			files = (
				CF1298E325DA9B5E0080884E /* JenkiusCITests.swift in Sources */,
			);
			runOnlyForDeploymentPostprocessing = 0;
		};
		CF1298E525DA9B5E0080884E /* Sources */ = {
			isa = PBXSourcesBuildPhase;
			buildActionMask = 2147483647;
			files = (
				CF1298EE25DA9B5E0080884E /* JenkiusCIUITests.swift in Sources */,
			);
			runOnlyForDeploymentPostprocessing = 0;
		};
/* End PBXSourcesBuildPhase section */

/* Begin PBXTargetDependency section */
		CF1298E025DA9B5E0080884E /* PBXTargetDependency */ = {
			isa = PBXTargetDependency;
			target = CF1298C725DA9B5D0080884E /* JenkiusCI */;
			targetProxy = CF1298DF25DA9B5E0080884E /* PBXContainerItemProxy */;
		};
		CF1298EB25DA9B5E0080884E /* PBXTargetDependency */ = {
			isa = PBXTargetDependency;
			target = CF1298C725DA9B5D0080884E /* JenkiusCI */;
			targetProxy = CF1298EA25DA9B5E0080884E /* PBXContainerItemProxy */;
		};
/* End PBXTargetDependency section */

/* Begin PBXVariantGroup section */
		CF1298D125DA9B5D0080884E /* Main.storyboard */ = {
			isa = PBXVariantGroup;
			children = (
				CF1298D225DA9B5D0080884E /* Base */,
			);
			name = Main.storyboard;
			sourceTree = "<group>";
		};
		CF1298D625DA9B5E0080884E /* LaunchScreen.storyboard */ = {
			isa = PBXVariantGroup;
			children = (
				CF1298D725DA9B5E0080884E /* Base */,
			);
			name = LaunchScreen.storyboard;
			sourceTree = "<group>";
		};
/* End PBXVariantGroup section */

/* Begin XCBuildConfiguration section */
		CF1298F025DA9B5E0080884E /* Debug */ = {
			isa = XCBuildConfiguration;
			buildSettings = {
				ALWAYS_SEARCH_USER_PATHS = NO;
				CLANG_ANALYZER_NONNULL = YES;
				CLANG_ANALYZER_NUMBER_OBJECT_CONVERSION = YES_AGGRESSIVE;
				CLANG_CXX_LANGUAGE_STANDARD = "gnu++14";
				CLANG_CXX_LIBRARY = "libc++";
				CLANG_ENABLE_MODULES = YES;
				CLANG_ENABLE_OBJC_ARC = YES;
				CLANG_ENABLE_OBJC_WEAK = YES;
				CLANG_WARN_BLOCK_CAPTURE_AUTORELEASING = YES;
				CLANG_WARN_BOOL_CONVERSION = YES;
				CLANG_WARN_COMMA = YES;
				CLANG_WARN_CONSTANT_CONVERSION = YES;
				CLANG_WARN_DEPRECATED_OBJC_IMPLEMENTATIONS = YES;
				CLANG_WARN_DIRECT_OBJC_ISA_USAGE = YES_ERROR;
				CLANG_WARN_DOCUMENTATION_COMMENTS = YES;
				CLANG_WARN_EMPTY_BODY = YES;
				CLANG_WARN_ENUM_CONVERSION = YES;
				CLANG_WARN_INFINITE_RECURSION = YES;
				CLANG_WARN_INT_CONVERSION = YES;
				CLANG_WARN_NON_LITERAL_NULL_CONVERSION = YES;
				CLANG_WARN_OBJC_IMPLICIT_RETAIN_SELF = YES;
				CLANG_WARN_OBJC_LITERAL_CONVERSION = YES;
				CLANG_WARN_OBJC_ROOT_CLASS = YES_ERROR;
				CLANG_WARN_RANGE_LOOP_ANALYSIS = YES;
				CLANG_WARN_STRICT_PROTOTYPES = YES;
				CLANG_WARN_SUSPICIOUS_MOVE = YES;
				CLANG_WARN_UNGUARDED_AVAILABILITY = YES_AGGRESSIVE;
				CLANG_WARN_UNREACHABLE_CODE = YES;
				CLANG_WARN__DUPLICATE_METHOD_MATCH = YES;
				COPY_PHASE_STRIP = NO;
				DEBUG_INFORMATION_FORMAT = dwarf;
				ENABLE_STRICT_OBJC_MSGSEND = YES;
				ENABLE_TESTABILITY = YES;
				GCC_C_LANGUAGE_STANDARD = gnu11;
				GCC_DYNAMIC_NO_PIC = NO;
				GCC_NO_COMMON_BLOCKS = YES;
				GCC_OPTIMIZATION_LEVEL = 0;
				GCC_PREPROCESSOR_DEFINITIONS = (
					"DEBUG=1",
					"$(inherited)",
				);
				GCC_WARN_64_TO_32_BIT_CONVERSION = YES;
				GCC_WARN_ABOUT_RETURN_TYPE = YES_ERROR;
				GCC_WARN_UNDECLARED_SELECTOR = YES;
				GCC_WARN_UNINITIALIZED_AUTOS = YES_AGGRESSIVE;
				GCC_WARN_UNUSED_FUNCTION = YES;
				GCC_WARN_UNUSED_VARIABLE = YES;
				IPHONEOS_DEPLOYMENT_TARGET = 13.2;
				MTL_ENABLE_DEBUG_INFO = INCLUDE_SOURCE;
				MTL_FAST_MATH = YES;
				ONLY_ACTIVE_ARCH = YES;
				SDKROOT = iphoneos;
				SWIFT_ACTIVE_COMPILATION_CONDITIONS = DEBUG;
				SWIFT_OPTIMIZATION_LEVEL = "-Onone";
			};
			name = Debug;
		};
		CF1298F125DA9B5E0080884E /* Release */ = {
			isa = XCBuildConfiguration;
			buildSettings = {
				ALWAYS_SEARCH_USER_PATHS = NO;
				CLANG_ANALYZER_NONNULL = YES;
				CLANG_ANALYZER_NUMBER_OBJECT_CONVERSION = YES_AGGRESSIVE;
				CLANG_CXX_LANGUAGE_STANDARD = "gnu++14";
				CLANG_CXX_LIBRARY = "libc++";
				CLANG_ENABLE_MODULES = YES;
				CLANG_ENABLE_OBJC_ARC = YES;
				CLANG_ENABLE_OBJC_WEAK = YES;
				CLANG_WARN_BLOCK_CAPTURE_AUTORELEASING = YES;
				CLANG_WARN_BOOL_CONVERSION = YES;
				CLANG_WARN_COMMA = YES;
				CLANG_WARN_CONSTANT_CONVERSION = YES;
				CLANG_WARN_DEPRECATED_OBJC_IMPLEMENTATIONS = YES;
				CLANG_WARN_DIRECT_OBJC_ISA_USAGE = YES_ERROR;
				CLANG_WARN_DOCUMENTATION_COMMENTS = YES;
				CLANG_WARN_EMPTY_BODY = YES;
				CLANG_WARN_ENUM_CONVERSION = YES;
				CLANG_WARN_INFINITE_RECURSION = YES;
				CLANG_WARN_INT_CONVERSION = YES;
				CLANG_WARN_NON_LITERAL_NULL_CONVERSION = YES;
				CLANG_WARN_OBJC_IMPLICIT_RETAIN_SELF = YES;
				CLANG_WARN_OBJC_LITERAL_CONVERSION = YES;
				CLANG_WARN_OBJC_ROOT_CLASS = YES_ERROR;
				CLANG_WARN_RANGE_LOOP_ANALYSIS = YES;
				CLANG_WARN_STRICT_PROTOTYPES = YES;
				CLANG_WARN_SUSPICIOUS_MOVE = YES;
				CLANG_WARN_UNGUARDED_AVAILABILITY = YES_AGGRESSIVE;
				CLANG_WARN_UNREACHABLE_CODE = YES;
				CLANG_WARN__DUPLICATE_METHOD_MATCH = YES;
				COPY_PHASE_STRIP = NO;
				DEBUG_INFORMATION_FORMAT = "dwarf-with-dsym";
				ENABLE_NS_ASSERTIONS = NO;
				ENABLE_STRICT_OBJC_MSGSEND = YES;
				GCC_C_LANGUAGE_STANDARD = gnu11;
				GCC_NO_COMMON_BLOCKS = YES;
				GCC_WARN_64_TO_32_BIT_CONVERSION = YES;
				GCC_WARN_ABOUT_RETURN_TYPE = YES_ERROR;
				GCC_WARN_UNDECLARED_SELECTOR = YES;
				GCC_WARN_UNINITIALIZED_AUTOS = YES_AGGRESSIVE;
				GCC_WARN_UNUSED_FUNCTION = YES;
				GCC_WARN_UNUSED_VARIABLE = YES;
				IPHONEOS_DEPLOYMENT_TARGET = 13.2;
				MTL_ENABLE_DEBUG_INFO = NO;
				MTL_FAST_MATH = YES;
				SDKROOT = iphoneos;
				SWIFT_COMPILATION_MODE = wholemodule;
				SWIFT_OPTIMIZATION_LEVEL = "-O";
				VALIDATE_PRODUCT = YES;
			};
			name = Release;
		};
		CF1298F325DA9B5E0080884E /* Debug */ = {
			isa = XCBuildConfiguration;
			buildSettings = {
				ASSETCATALOG_COMPILER_APPICON_NAME = AppIcon;
				CODE_SIGN_STYLE = Automatic;
				INFOPLIST_FILE = JenkiusCI/Info.plist;
				LD_RUNPATH_SEARCH_PATHS = (
					"$(inherited)",
					"@executable_path/Frameworks",
				);
				PRODUCT_BUNDLE_IDENTIFIER = com.Test.JenkiusCI;
				PRODUCT_NAME = "$(TARGET_NAME)";
				SWIFT_VERSION = 5.0;
				TARGETED_DEVICE_FAMILY = "1,2";
			};
			name = Debug;
		};
		CF1298F425DA9B5E0080884E /* Release */ = {
			isa = XCBuildConfiguration;
			buildSettings = {
				ASSETCATALOG_COMPILER_APPICON_NAME = AppIcon;
				CODE_SIGN_STYLE = Automatic;
				INFOPLIST_FILE = JenkiusCI/Info.plist;
				LD_RUNPATH_SEARCH_PATHS = (
					"$(inherited)",
					"@executable_path/Frameworks",
				);
				PRODUCT_BUNDLE_IDENTIFIER = com.Test.JenkiusCI;
				PRODUCT_NAME = "$(TARGET_NAME)";
				SWIFT_VERSION = 5.0;
				TARGETED_DEVICE_FAMILY = "1,2";
			};
			name = Release;
		};
		CF1298F625DA9B5E0080884E /* Debug */ = {
			isa = XCBuildConfiguration;
			buildSettings = {
				ALWAYS_EMBED_SWIFT_STANDARD_LIBRARIES = YES;
				BUNDLE_LOADER = "$(TEST_HOST)";
				CODE_SIGN_STYLE = Automatic;
				INFOPLIST_FILE = JenkiusCITests/Info.plist;
				IPHONEOS_DEPLOYMENT_TARGET = 13.2;
				LD_RUNPATH_SEARCH_PATHS = (
					"$(inherited)",
					"@executable_path/Frameworks",
					"@loader_path/Frameworks",
				);
				PRODUCT_BUNDLE_IDENTIFIER = com.Test.JenkiusCITests;
				PRODUCT_NAME = "$(TARGET_NAME)";
				SWIFT_VERSION = 5.0;
				TARGETED_DEVICE_FAMILY = "1,2";
				TEST_HOST = "$(BUILT_PRODUCTS_DIR)/JenkiusCI.app/JenkiusCI";
			};
			name = Debug;
		};
		CF1298F725DA9B5E0080884E /* Release */ = {
			isa = XCBuildConfiguration;
			buildSettings = {
				ALWAYS_EMBED_SWIFT_STANDARD_LIBRARIES = YES;
				BUNDLE_LOADER = "$(TEST_HOST)";
				CODE_SIGN_STYLE = Automatic;
				INFOPLIST_FILE = JenkiusCITests/Info.plist;
				IPHONEOS_DEPLOYMENT_TARGET = 13.2;
				LD_RUNPATH_SEARCH_PATHS = (
					"$(inherited)",
					"@executable_path/Frameworks",
					"@loader_path/Frameworks",
				);
				PRODUCT_BUNDLE_IDENTIFIER = com.Test.JenkiusCITests;
				PRODUCT_NAME = "$(TARGET_NAME)";
				SWIFT_VERSION = 5.0;
				TARGETED_DEVICE_FAMILY = "1,2";
				TEST_HOST = "$(BUILT_PRODUCTS_DIR)/JenkiusCI.app/JenkiusCI";
			};
			name = Release;
		};
		CF1298F925DA9B5E0080884E /* Debug */ = {
			isa = XCBuildConfiguration;
			buildSettings = {
				ALWAYS_EMBED_SWIFT_STANDARD_LIBRARIES = YES;
				CODE_SIGN_STYLE = Automatic;
				INFOPLIST_FILE = JenkiusCIUITests/Info.plist;
				LD_RUNPATH_SEARCH_PATHS = (
					"$(inherited)",
					"@executable_path/Frameworks",
					"@loader_path/Frameworks",
				);
				PRODUCT_BUNDLE_IDENTIFIER = com.Test.JenkiusCIUITests;
				PRODUCT_NAME = "$(TARGET_NAME)";
				SWIFT_VERSION = 5.0;
				TARGETED_DEVICE_FAMILY = "1,2";
				TEST_TARGET_NAME = JenkiusCI;
			};
			name = Debug;
		};
		CF1298FA25DA9B5E0080884E /* Release */ = {
			isa = XCBuildConfiguration;
			buildSettings = {
				ALWAYS_EMBED_SWIFT_STANDARD_LIBRARIES = YES;
				CODE_SIGN_STYLE = Automatic;
				INFOPLIST_FILE = JenkiusCIUITests/Info.plist;
				LD_RUNPATH_SEARCH_PATHS = (
					"$(inherited)",
					"@executable_path/Frameworks",
					"@loader_path/Frameworks",
				);
				PRODUCT_BUNDLE_IDENTIFIER = com.Test.JenkiusCIUITests;
				PRODUCT_NAME = "$(TARGET_NAME)";
				SWIFT_VERSION = 5.0;
				TARGETED_DEVICE_FAMILY = "1,2";
				TEST_TARGET_NAME = JenkiusCI;
			};
			name = Release;
		};
/* End XCBuildConfiguration section */

/* Begin XCConfigurationList section */
		CF1298C325DA9B5D0080884E /* Build configuration list for PBXProject "JenkiusCI" */ = {
			isa = XCConfigurationList;
			buildConfigurations = (
				CF1298F025DA9B5E0080884E /* Debug */,
				CF1298F125DA9B5E0080884E /* Release */,
			);
			defaultConfigurationIsVisible = 0;
			defaultConfigurationName = Release;
		};
		CF1298F225DA9B5E0080884E /* Build configuration list for PBXNativeTarget "JenkiusCI" */ = {
			isa = XCConfigurationList;
			buildConfigurations = (
				CF1298F325DA9B5E0080884E /* Debug */,
				CF1298F425DA9B5E0080884E /* Release */,
			);
			defaultConfigurationIsVisible = 0;
			defaultConfigurationName = Release;
		};
		CF1298F525DA9B5E0080884E /* Build configuration list for PBXNativeTarget "JenkiusCITests" */ = {
			isa = XCConfigurationList;
			buildConfigurations = (
				CF1298F625DA9B5E0080884E /* Debug */,
				CF1298F725DA9B5E0080884E /* Release */,
			);
			defaultConfigurationIsVisible = 0;
			defaultConfigurationName = Release;
		};
		CF1298F825DA9B5E0080884E /* Build configuration list for PBXNativeTarget "JenkiusCIUITests" */ = {
			isa = XCConfigurationList;
			buildConfigurations = (
				CF1298F925DA9B5E0080884E /* Debug */,
				CF1298FA25DA9B5E0080884E /* Release */,
			);
			defaultConfigurationIsVisible = 0;
			defaultConfigurationName = Release;
		};
/* End XCConfigurationList section */
	};
	rootObject = CF1298C025DA9B5D0080884E /* Project object */;
}
